
Microsoft Visual Studio Solution File, Format Version 12.00
# Visual Studio Version 16
VisualStudioVersion = 16.0.34301.259
MinimumVisualStudioVersion = 10.0.40219.1
Project("{FAE04EC0-301F-11D3-BF4B-00C04F79EFBC}") = "Randofai", "Randofai\Randofai.csproj", "{F3AC03B8-739C-416D-B15A-3E1D6FB6F74C}"
EndProject
Global
	GlobalSection(SolutionConfigurationPlatforms) = preSolution
		Debug|Any CPU = Debug|Any CPU
		Release|Any CPU = Release|Any CPU
	EndGlobalSection
	GlobalSection(ProjectConfigurationPlatforms) = postSolution
		{F3AC03B8-739C-416D-B15A-3E1D6FB6F74C}.Debug|Any CPU.ActiveCfg = Debug|Any CPU
		{F3AC03B8-739C-416D-B15A-3E1D6FB6F74C}.Debug|Any CPU.Build.0 = Debug|Any CPU
		{F3AC03B8-739C-416D-B15A-3E1D6FB6F74C}.Release|Any CPU.ActiveCfg = Release|Any CPU
		{F3AC03B8-739C-416D-B15A-3E1D6FB6F74C}.Release|Any CPU.Build.0 = Release|Any CPU
	EndGlobalSection
	GlobalSection(SolutionProperties) = preSolution
		HideSolutionNode = FALSE
	EndGlobalSection
	GlobalSection(ExtensibilityGlobals) = postSolution
		SolutionGuid = {043D4A7A-D8E7-4E28-B136-7EB726A03B86}
	EndGlobalSection
EndGlobal
